
Microsoft Visual Studio Solution File, Format Version 12.00
# Visual Studio 15
VisualStudioVersion = 15.0.26403.0
MinimumVisualStudioVersion = 10.0.40219.1
Project("{FAE04EC0-301F-11D3-BF4B-00C04F79EFBC}") = "AppTime", "AppTime\AppTime.csproj", "{4892E56B-5942-444B-B41C-1E4F22A3752A}"
EndProject
Global
	GlobalSection(SolutionConfigurationPlatforms) = preSolution
		Debug|Any CPU = Debug|Any CPU
		Release|Any CPU = Release|Any CPU
	EndGlobalSection
	GlobalSection(ProjectConfigurationPlatforms) = postSolution
		{4892E56B-5942-444B-B41C-1E4F22A3752A}.Debug|Any CPU.ActiveCfg = Debug|Any CPU
		{4892E56B-5942-444B-B41C-1E4F22A3752A}.Debug|Any CPU.Build.0 = Debug|Any CPU
		{4892E56B-5942-444B-B41C-1E4F22A3752A}.Release|Any CPU.ActiveCfg = Release|Any CPU
		{4892E56B-5942-444B-B41C-1E4F22A3752A}.Release|Any CPU.Build.0 = Release|Any CPU
	EndGlobalSection
	GlobalSection(SolutionProperties) = preSolution
		HideSolutionNode = FALSE
	EndGlobalSection
EndGlobal
